// !$*UTF8*$!
{
	archiveVersion = 1;
	classes = {
	};
	objectVersion = 46;
	objects = {

/* Begin PBXBuildFile section */
		E015DEE81E07D541002BCFEE /* DockMenuBean.swift in Sources */ = {isa = PBXBuildFile; fileRef = E015DEE71E07D541002BCFEE /* DockMenuBean.swift */; };
		E015DEED1E07D896002BCFEE /* DockMenuCell.swift in Sources */ = {isa = PBXBuildFile; fileRef = E015DEEB1E07D896002BCFEE /* DockMenuCell.swift */; };
		E015DEEE1E07D896002BCFEE /* DockMenuCell.xib in Resources */ = {isa = PBXBuildFile; fileRef = E015DEEC1E07D896002BCFEE /* DockMenuCell.xib */; };
		E015DEF41E07D8E6002BCFEE /* ic_4.png in Resources */ = {isa = PBXBuildFile; fileRef = E015DEEF1E07D8E6002BCFEE /* ic_4.png */; };
		E015DEF51E07D8E6002BCFEE /* ic_5.png in Resources */ = {isa = PBXBuildFile; fileRef = E015DEF01E07D8E6002BCFEE /* ic_5.png */; };
		E015DEF61E07D8E6002BCFEE /* ic_6.png in Resources */ = {isa = PBXBuildFile; fileRef = E015DEF11E07D8E6002BCFEE /* ic_6.png */; };
		E015DEF71E07D8E6002BCFEE /* ic_7.png in Resources */ = {isa = PBXBuildFile; fileRef = E015DEF21E07D8E6002BCFEE /* ic_7.png */; };
		E015DEF81E07D8E6002BCFEE /* ic_8.png in Resources */ = {isa = PBXBuildFile; fileRef = E015DEF31E07D8E6002BCFEE /* ic_8.png */; };
		E015DEFA1E07D9AA002BCFEE /* DockMenuManager.swift in Sources */ = {isa = PBXBuildFile; fileRef = E015DEF91E07D9AA002BCFEE /* DockMenuManager.swift */; };
		E015DEFD1E07DFFE002BCFEE /* TestCell.swift in Sources */ = {isa = PBXBuildFile; fileRef = E015DEFB1E07DFFE002BCFEE /* TestCell.swift */; };
		E015DEFE1E07DFFE002BCFEE /* TestCell.xib in Resources */ = {isa = PBXBuildFile; fileRef = E015DEFC1E07DFFE002BCFEE /* TestCell.xib */; };
		E01F3A5A1DFF8534005C7DD5 /* SpringBinder.m in Sources */ = {isa = PBXBuildFile; fileRef = E01F3A591DFF8534005C7DD5 /* SpringBinder.m */; };
		E01F3A5D1DFF87C8005C7DD5 /* UIView+SpringBind.m in Sources */ = {isa = PBXBuildFile; fileRef = E01F3A5C1DFF87C8005C7DD5 /* UIView+SpringBind.m */; };
		E01F3A601DFF973F005C7DD5 /* NSObject+SpringBinder.m in Sources */ = {isa = PBXBuildFile; fileRef = E01F3A5F1DFF973F005C7DD5 /* NSObject+SpringBinder.m */; };
		E0561C7A1DFEACA90064393F /* AppDelegate.swift in Sources */ = {isa = PBXBuildFile; fileRef = E0561C791DFEACA90064393F /* AppDelegate.swift */; };
		E0561C7C1DFEACA90064393F /* ViewController.swift in Sources */ = {isa = PBXBuildFile; fileRef = E0561C7B1DFEACA90064393F /* ViewController.swift */; };
		E0561C7F1DFEACA90064393F /* Main.storyboard in Resources */ = {isa = PBXBuildFile; fileRef = E0561C7D1DFEACA90064393F /* Main.storyboard */; };
		E0561C811DFEACA90064393F /* Assets.xcassets in Resources */ = {isa = PBXBuildFile; fileRef = E0561C801DFEACA90064393F /* Assets.xcassets */; };
		E0561C841DFEACA90064393F /* LaunchScreen.storyboard in Resources */ = {isa = PBXBuildFile; fileRef = E0561C821DFEACA90064393F /* LaunchScreen.storyboard */; };
		E05846491E00F51B00B849D1 /* UITextField+SpringBind.m in Sources */ = {isa = PBXBuildFile; fileRef = E05846481E00F51B00B849D1 /* UITextField+SpringBind.m */; };
		E058464C1E0143CF00B849D1 /* UIButton+SpringBind.m in Sources */ = {isa = PBXBuildFile; fileRef = E058464B1E0143CF00B849D1 /* UIButton+SpringBind.m */; };
		E05DF12F1E0CB36C0097DF1D /* test.xib in Resources */ = {isa = PBXBuildFile; fileRef = E05DF12E1E0CB36C0097DF1D /* test.xib */; };
		E05DF1321E0CBE280097DF1D /* SpringLayoutViewBuilder.m in Sources */ = {isa = PBXBuildFile; fileRef = E05DF1311E0CBE280097DF1D /* SpringLayoutViewBuilder.m */; };
		E05DF1351E0CBEC30097DF1D /* UIViewController+SpringLayoutBind.m in Sources */ = {isa = PBXBuildFile; fileRef = E05DF1341E0CBEC30097DF1D /* UIViewController+SpringLayoutBind.m */; };
		E06F98461E0005FA002FFF55 /* UILabel+SpringBind.m in Sources */ = {isa = PBXBuildFile; fileRef = E06F98451E0005FA002FFF55 /* UILabel+SpringBind.m */; };
		E07C0FEA1E0BB771007AD4CF /* SpringViewController.swift in Sources */ = {isa = PBXBuildFile; fileRef = E07C0FE91E0BB771007AD4CF /* SpringViewController.swift */; };
		E07C0FEF1E0BBA63007AD4CF /* SpringViewController.xml in Resources */ = {isa = PBXBuildFile; fileRef = E07C0FEE1E0BBA63007AD4CF /* SpringViewController.xml */; };
		E07C0FF21E0BBE19007AD4CF /* SpringLayoutViewBean.m in Sources */ = {isa = PBXBuildFile; fileRef = E07C0FF11E0BBE19007AD4CF /* SpringLayoutViewBean.m */; };
		E0ACF8461E0BDCBC00372735 /* UIColor+SpringEx.m in Sources */ = {isa = PBXBuildFile; fileRef = E0ACF8451E0BDCBB00372735 /* UIColor+SpringEx.m */; };
		E0ACF8491E0BE31400372735 /* SpringLayoutOffsetValue.m in Sources */ = {isa = PBXBuildFile; fileRef = E0ACF8481E0BE31400372735 /* SpringLayoutOffsetValue.m */; };
		E0ADB62C1E023DCA00E03B85 /* SpringResourceReader.m in Sources */ = {isa = PBXBuildFile; fileRef = E0ADB62B1E023DCA00E03B85 /* SpringResourceReader.m */; };
		E0ADB6301E02403200E03B85 /* SpringLogger.m in Sources */ = {isa = PBXBuildFile; fileRef = E0ADB62F1E02403200E03B85 /* SpringLogger.m */; };
		E0ADB6321E0241A000E03B85 /* spring.xml in Resources */ = {isa = PBXBuildFile; fileRef = E0ADB6311E0241A000E03B85 /* spring.xml */; };
		E0ADB6381E02454100E03B85 /* XMLDictionary.m in Sources */ = {isa = PBXBuildFile; fileRef = E0ADB6371E02454100E03B85 /* XMLDictionary.m */; };
		E0ADB63F1E02486E00E03B85 /* NSObject+YYModel.m in Sources */ = {isa = PBXBuildFile; fileRef = E0ADB63B1E02486E00E03B85 /* NSObject+YYModel.m */; };
		E0ADB6401E02486E00E03B85 /* YYClassInfo.m in Sources */ = {isa = PBXBuildFile; fileRef = E0ADB63D1E02486E00E03B85 /* YYClassInfo.m */; };
		E0ADB6511E0264FC00E03B85 /* HomeController.swift in Sources */ = {isa = PBXBuildFile; fileRef = E0ADB64F1E0264FC00E03B85 /* HomeController.swift */; };
		E0ADB6521E0264FC00E03B85 /* HomeController.xib in Resources */ = {isa = PBXBuildFile; fileRef = E0ADB6501E0264FC00E03B85 /* HomeController.xib */; };
		E0ADB6581E02669900E03B85 /* UIViewController+SpringEx.m in Sources */ = {isa = PBXBuildFile; fileRef = E0ADB6571E02669900E03B85 /* UIViewController+SpringEx.m */; };
		E0ADB65B1E02924500E03B85 /* ic_1.png in Resources */ = {isa = PBXBuildFile; fileRef = E0ADB65A1E02924500E03B85 /* ic_1.png */; };
		E0ADB65D1E0292FC00E03B85 /* ic_2.png in Resources */ = {isa = PBXBuildFile; fileRef = E0ADB65C1E0292FC00E03B85 /* ic_2.png */; };
		E0F1DA161E07721900B162CA /* SpringApplication.m in Sources */ = {isa = PBXBuildFile; fileRef = E0F1DA151E07721900B162CA /* SpringApplication.m */; };
		E0F1DA191E0772E400B162CA /* SpringProtocolMapper.m in Sources */ = {isa = PBXBuildFile; fileRef = E0F1DA181E0772E400B162CA /* SpringProtocolMapper.m */; };
		E0F1DA231E0774DF00B162CA /* DockController.swift in Sources */ = {isa = PBXBuildFile; fileRef = E0F1DA211E0774DF00B162CA /* DockController.swift */; };
		E0F1DA241E0774DF00B162CA /* DockController.xib in Resources */ = {isa = PBXBuildFile; fileRef = E0F1DA221E0774DF00B162CA /* DockController.xib */; };
		E0F1DA261E0774F400B162CA /* DockControllerProtocol.swift in Sources */ = {isa = PBXBuildFile; fileRef = E0F1DA251E0774F400B162CA /* DockControllerProtocol.swift */; };
		E0F1DA291E07939600B162CA /* SpringXMLBean.m in Sources */ = {isa = PBXBuildFile; fileRef = E0F1DA281E07939600B162CA /* SpringXMLBean.m */; };
		E0F1DA321E07A71900B162CA /* SettingController.swift in Sources */ = {isa = PBXBuildFile; fileRef = E0F1DA301E07A71900B162CA /* SettingController.swift */; };
		E0F1DA331E07A71900B162CA /* SettingController.xib in Resources */ = {isa = PBXBuildFile; fileRef = E0F1DA311E07A71900B162CA /* SettingController.xib */; };
		E0F1DA351E07A72A00B162CA /* SettingControllerProtocol.swift in Sources */ = {isa = PBXBuildFile; fileRef = E0F1DA341E07A72A00B162CA /* SettingControllerProtocol.swift */; };
		E0F1F37D1E07D16C004EEA70 /* ic_3.png in Resources */ = {isa = PBXBuildFile; fileRef = E0F1F37C1E07D16C004EEA70 /* ic_3.png */; };
		F257A278BDF4B48E90AE21E0 /* Pods_SpringOC.framework in Frameworks */ = {isa = PBXBuildFile; fileRef = 9C79807D950EE6963F8A55D3 /* Pods_SpringOC.framework */; };
/* End PBXBuildFile section */

/* Begin PBXFileReference section */
		3464F116FD6CBE1DCC27124A /* Pods-SpringOC.release.xcconfig */ = {isa = PBXFileReference; includeInIndex = 1; lastKnownFileType = text.xcconfig; name = "Pods-SpringOC.release.xcconfig"; path = "Pods/Target Support Files/Pods-SpringOC/Pods-SpringOC.release.xcconfig"; sourceTree = "<group>"; };
		9C79807D950EE6963F8A55D3 /* Pods_SpringOC.framework */ = {isa = PBXFileReference; explicitFileType = wrapper.framework; includeInIndex = 0; path = Pods_SpringOC.framework; sourceTree = BUILT_PRODUCTS_DIR; };
		A5C47C45F4AE4B9287C044B1 /* Pods-SpringOC.debug.xcconfig */ = {isa = PBXFileReference; includeInIndex = 1; lastKnownFileType = text.xcconfig; name = "Pods-SpringOC.debug.xcconfig"; path = "Pods/Target Support Files/Pods-SpringOC/Pods-SpringOC.debug.xcconfig"; sourceTree = "<group>"; };
		E015DEE71E07D541002BCFEE /* DockMenuBean.swift */ = {isa = PBXFileReference; fileEncoding = 4; lastKnownFileType = sourcecode.swift; path = DockMenuBean.swift; sourceTree = "<group>"; };
		E015DEEB1E07D896002BCFEE /* DockMenuCell.swift */ = {isa = PBXFileReference; fileEncoding = 4; lastKnownFileType = sourcecode.swift; path = DockMenuCell.swift; sourceTree = "<group>"; };
		E015DEEC1E07D896002BCFEE /* DockMenuCell.xib */ = {isa = PBXFileReference; fileEncoding = 4; lastKnownFileType = file.xib; path = DockMenuCell.xib; sourceTree = "<group>"; };
		E015DEEF1E07D8E6002BCFEE /* ic_4.png */ = {isa = PBXFileReference; lastKnownFileType = image.png; path = ic_4.png; sourceTree = "<group>"; };
		E015DEF01E07D8E6002BCFEE /* ic_5.png */ = {isa = PBXFileReference; lastKnownFileType = image.png; path = ic_5.png; sourceTree = "<group>"; };
		E015DEF11E07D8E6002BCFEE /* ic_6.png */ = {isa = PBXFileReference; lastKnownFileType = image.png; path = ic_6.png; sourceTree = "<group>"; };
		E015DEF21E07D8E6002BCFEE /* ic_7.png */ = {isa = PBXFileReference; lastKnownFileType = image.png; path = ic_7.png; sourceTree = "<group>"; };
		E015DEF31E07D8E6002BCFEE /* ic_8.png */ = {isa = PBXFileReference; lastKnownFileType = image.png; path = ic_8.png; sourceTree = "<group>"; };
		E015DEF91E07D9AA002BCFEE /* DockMenuManager.swift */ = {isa = PBXFileReference; fileEncoding = 4; lastKnownFileType = sourcecode.swift; path = DockMenuManager.swift; sourceTree = "<group>"; };
		E015DEFB1E07DFFE002BCFEE /* TestCell.swift */ = {isa = PBXFileReference; fileEncoding = 4; lastKnownFileType = sourcecode.swift; path = TestCell.swift; sourceTree = "<group>"; };
		E015DEFC1E07DFFE002BCFEE /* TestCell.xib */ = {isa = PBXFileReference; fileEncoding = 4; lastKnownFileType = file.xib; path = TestCell.xib; sourceTree = "<group>"; };
		E01F3A581DFF8534005C7DD5 /* SpringBinder.h */ = {isa = PBXFileReference; fileEncoding = 4; lastKnownFileType = sourcecode.c.h; path = SpringBinder.h; sourceTree = "<group>"; };
		E01F3A591DFF8534005C7DD5 /* SpringBinder.m */ = {isa = PBXFileReference; fileEncoding = 4; lastKnownFileType = sourcecode.c.objc; path = SpringBinder.m; sourceTree = "<group>"; };
		E01F3A5B1DFF87C8005C7DD5 /* UIView+SpringBind.h */ = {isa = PBXFileReference; fileEncoding = 4; lastKnownFileType = sourcecode.c.h; path = "UIView+SpringBind.h"; sourceTree = "<group>"; };
		E01F3A5C1DFF87C8005C7DD5 /* UIView+SpringBind.m */ = {isa = PBXFileReference; fileEncoding = 4; lastKnownFileType = sourcecode.c.objc; path = "UIView+SpringBind.m"; sourceTree = "<group>"; };
		E01F3A5E1DFF973F005C7DD5 /* NSObject+SpringBinder.h */ = {isa = PBXFileReference; fileEncoding = 4; lastKnownFileType = sourcecode.c.h; path = "NSObject+SpringBinder.h"; sourceTree = "<group>"; };
		E01F3A5F1DFF973F005C7DD5 /* NSObject+SpringBinder.m */ = {isa = PBXFileReference; fileEncoding = 4; lastKnownFileType = sourcecode.c.objc; path = "NSObject+SpringBinder.m"; sourceTree = "<group>"; };
		E0561C761DFEACA90064393F /* SpringOC.app */ = {isa = PBXFileReference; explicitFileType = wrapper.application; includeInIndex = 0; path = SpringOC.app; sourceTree = BUILT_PRODUCTS_DIR; };
		E0561C791DFEACA90064393F /* AppDelegate.swift */ = {isa = PBXFileReference; lastKnownFileType = sourcecode.swift; path = AppDelegate.swift; sourceTree = "<group>"; };
		E0561C7B1DFEACA90064393F /* ViewController.swift */ = {isa = PBXFileReference; lastKnownFileType = sourcecode.swift; path = ViewController.swift; sourceTree = "<group>"; };
		E0561C7E1DFEACA90064393F /* Base */ = {isa = PBXFileReference; lastKnownFileType = file.storyboard; name = Base; path = Base.lproj/Main.storyboard; sourceTree = "<group>"; };
		E0561C801DFEACA90064393F /* Assets.xcassets */ = {isa = PBXFileReference; lastKnownFileType = folder.assetcatalog; path = Assets.xcassets; sourceTree = "<group>"; };
		E0561C831DFEACA90064393F /* Base */ = {isa = PBXFileReference; lastKnownFileType = file.storyboard; name = Base; path = Base.lproj/LaunchScreen.storyboard; sourceTree = "<group>"; };
		E0561C851DFEACA90064393F /* Info.plist */ = {isa = PBXFileReference; lastKnownFileType = text.plist.xml; path = Info.plist; sourceTree = "<group>"; };
		E0561C8C1DFEACE60064393F /* SpringOC-Bridging-Header.h */ = {isa = PBXFileReference; lastKnownFileType = sourcecode.c.h; path = "SpringOC-Bridging-Header.h"; sourceTree = "<group>"; };
		E0561C951DFEAD2A0064393F /* SpringLib.h */ = {isa = PBXFileReference; lastKnownFileType = sourcecode.c.h; path = SpringLib.h; sourceTree = "<group>"; };
		E05846471E00F51B00B849D1 /* UITextField+SpringBind.h */ = {isa = PBXFileReference; fileEncoding = 4; lastKnownFileType = sourcecode.c.h; path = "UITextField+SpringBind.h"; sourceTree = "<group>"; };
		E05846481E00F51B00B849D1 /* UITextField+SpringBind.m */ = {isa = PBXFileReference; fileEncoding = 4; lastKnownFileType = sourcecode.c.objc; path = "UITextField+SpringBind.m"; sourceTree = "<group>"; };
		E058464A1E0143CF00B849D1 /* UIButton+SpringBind.h */ = {isa = PBXFileReference; fileEncoding = 4; lastKnownFileType = sourcecode.c.h; path = "UIButton+SpringBind.h"; sourceTree = "<group>"; };
		E058464B1E0143CF00B849D1 /* UIButton+SpringBind.m */ = {isa = PBXFileReference; fileEncoding = 4; lastKnownFileType = sourcecode.c.objc; path = "UIButton+SpringBind.m"; sourceTree = "<group>"; };
		E05DF12E1E0CB36C0097DF1D /* test.xib */ = {isa = PBXFileReference; fileEncoding = 4; lastKnownFileType = file.xib; path = test.xib; sourceTree = "<group>"; };
		E05DF1301E0CBE280097DF1D /* SpringLayoutViewBuilder.h */ = {isa = PBXFileReference; fileEncoding = 4; lastKnownFileType = sourcecode.c.h; path = SpringLayoutViewBuilder.h; sourceTree = "<group>"; };
		E05DF1311E0CBE280097DF1D /* SpringLayoutViewBuilder.m */ = {isa = PBXFileReference; fileEncoding = 4; lastKnownFileType = sourcecode.c.objc; path = SpringLayoutViewBuilder.m; sourceTree = "<group>"; };
		E05DF1331E0CBEC30097DF1D /* UIViewController+SpringLayoutBind.h */ = {isa = PBXFileReference; fileEncoding = 4; lastKnownFileType = sourcecode.c.h; path = "UIViewController+SpringLayoutBind.h"; sourceTree = "<group>"; };
		E05DF1341E0CBEC30097DF1D /* UIViewController+SpringLayoutBind.m */ = {isa = PBXFileReference; fileEncoding = 4; lastKnownFileType = sourcecode.c.objc; path = "UIViewController+SpringLayoutBind.m"; sourceTree = "<group>"; };
		E06F98441E0005FA002FFF55 /* UILabel+SpringBind.h */ = {isa = PBXFileReference; fileEncoding = 4; lastKnownFileType = sourcecode.c.h; path = "UILabel+SpringBind.h"; sourceTree = "<group>"; };
		E06F98451E0005FA002FFF55 /* UILabel+SpringBind.m */ = {isa = PBXFileReference; fileEncoding = 4; lastKnownFileType = sourcecode.c.objc; path = "UILabel+SpringBind.m"; sourceTree = "<group>"; };
		E07C0FE91E0BB771007AD4CF /* SpringViewController.swift */ = {isa = PBXFileReference; fileEncoding = 4; lastKnownFileType = sourcecode.swift; path = SpringViewController.swift; sourceTree = "<group>"; };
		E07C0FEE1E0BBA63007AD4CF /* SpringViewController.xml */ = {isa = PBXFileReference; fileEncoding = 4; lastKnownFileType = text.xml; path = SpringViewController.xml; sourceTree = "<group>"; };
		E07C0FF01E0BBE19007AD4CF /* SpringLayoutViewBean.h */ = {isa = PBXFileReference; fileEncoding = 4; lastKnownFileType = sourcecode.c.h; path = SpringLayoutViewBean.h; sourceTree = "<group>"; };
		E07C0FF11E0BBE19007AD4CF /* SpringLayoutViewBean.m */ = {isa = PBXFileReference; fileEncoding = 4; lastKnownFileType = sourcecode.c.objc; path = SpringLayoutViewBean.m; sourceTree = "<group>"; };
		E0ACF8441E0BDCBB00372735 /* UIColor+SpringEx.h */ = {isa = PBXFileReference; fileEncoding = 4; lastKnownFileType = sourcecode.c.h; path = "UIColor+SpringEx.h"; sourceTree = "<group>"; };
		E0ACF8451E0BDCBB00372735 /* UIColor+SpringEx.m */ = {isa = PBXFileReference; fileEncoding = 4; lastKnownFileType = sourcecode.c.objc; path = "UIColor+SpringEx.m"; sourceTree = "<group>"; };
		E0ACF8471E0BE31400372735 /* SpringLayoutOffsetValue.h */ = {isa = PBXFileReference; fileEncoding = 4; lastKnownFileType = sourcecode.c.h; path = SpringLayoutOffsetValue.h; sourceTree = "<group>"; };
		E0ACF8481E0BE31400372735 /* SpringLayoutOffsetValue.m */ = {isa = PBXFileReference; fileEncoding = 4; lastKnownFileType = sourcecode.c.objc; path = SpringLayoutOffsetValue.m; sourceTree = "<group>"; };
		E0ADB62A1E023DCA00E03B85 /* SpringResourceReader.h */ = {isa = PBXFileReference; fileEncoding = 4; lastKnownFileType = sourcecode.c.h; path = SpringResourceReader.h; sourceTree = "<group>"; };
		E0ADB62B1E023DCA00E03B85 /* SpringResourceReader.m */ = {isa = PBXFileReference; fileEncoding = 4; lastKnownFileType = sourcecode.c.objc; path = SpringResourceReader.m; sourceTree = "<group>"; };
		E0ADB62E1E02403200E03B85 /* SpringLogger.h */ = {isa = PBXFileReference; fileEncoding = 4; lastKnownFileType = sourcecode.c.h; path = SpringLogger.h; sourceTree = "<group>"; };
		E0ADB62F1E02403200E03B85 /* SpringLogger.m */ = {isa = PBXFileReference; fileEncoding = 4; lastKnownFileType = sourcecode.c.objc; path = SpringLogger.m; sourceTree = "<group>"; };
		E0ADB6311E0241A000E03B85 /* spring.xml */ = {isa = PBXFileReference; fileEncoding = 4; lastKnownFileType = text.xml; path = spring.xml; sourceTree = "<group>"; };
		E0ADB6361E02454100E03B85 /* XMLDictionary.h */ = {isa = PBXFileReference; fileEncoding = 4; lastKnownFileType = sourcecode.c.h; path = XMLDictionary.h; sourceTree = "<group>"; };
		E0ADB6371E02454100E03B85 /* XMLDictionary.m */ = {isa = PBXFileReference; fileEncoding = 4; lastKnownFileType = sourcecode.c.objc; path = XMLDictionary.m; sourceTree = "<group>"; };
		E0ADB63A1E02486E00E03B85 /* NSObject+YYModel.h */ = {isa = PBXFileReference; fileEncoding = 4; lastKnownFileType = sourcecode.c.h; path = "NSObject+YYModel.h"; sourceTree = "<group>"; };
		E0ADB63B1E02486E00E03B85 /* NSObject+YYModel.m */ = {isa = PBXFileReference; fileEncoding = 4; lastKnownFileType = sourcecode.c.objc; path = "NSObject+YYModel.m"; sourceTree = "<group>"; };
		E0ADB63C1E02486E00E03B85 /* YYClassInfo.h */ = {isa = PBXFileReference; fileEncoding = 4; lastKnownFileType = sourcecode.c.h; path = YYClassInfo.h; sourceTree = "<group>"; };
		E0ADB63D1E02486E00E03B85 /* YYClassInfo.m */ = {isa = PBXFileReference; fileEncoding = 4; lastKnownFileType = sourcecode.c.objc; path = YYClassInfo.m; sourceTree = "<group>"; };
		E0ADB63E1E02486E00E03B85 /* YYModel.h */ = {isa = PBXFileReference; fileEncoding = 4; lastKnownFileType = sourcecode.c.h; path = YYModel.h; sourceTree = "<group>"; };
		E0ADB64F1E0264FC00E03B85 /* HomeController.swift */ = {isa = PBXFileReference; fileEncoding = 4; lastKnownFileType = sourcecode.swift; path = HomeController.swift; sourceTree = "<group>"; };
		E0ADB6501E0264FC00E03B85 /* HomeController.xib */ = {isa = PBXFileReference; fileEncoding = 4; lastKnownFileType = file.xib; path = HomeController.xib; sourceTree = "<group>"; };
		E0ADB6561E02669900E03B85 /* UIViewController+SpringEx.h */ = {isa = PBXFileReference; fileEncoding = 4; lastKnownFileType = sourcecode.c.h; path = "UIViewController+SpringEx.h"; sourceTree = "<group>"; };
		E0ADB6571E02669900E03B85 /* UIViewController+SpringEx.m */ = {isa = PBXFileReference; fileEncoding = 4; lastKnownFileType = sourcecode.c.objc; path = "UIViewController+SpringEx.m"; sourceTree = "<group>"; };
		E0ADB65A1E02924500E03B85 /* ic_1.png */ = {isa = PBXFileReference; lastKnownFileType = image.png; path = ic_1.png; sourceTree = "<group>"; };
		E0ADB65C1E0292FC00E03B85 /* ic_2.png */ = {isa = PBXFileReference; lastKnownFileType = image.png; path = ic_2.png; sourceTree = "<group>"; };
		E0F1DA141E07721900B162CA /* SpringApplication.h */ = {isa = PBXFileReference; fileEncoding = 4; lastKnownFileType = sourcecode.c.h; path = SpringApplication.h; sourceTree = "<group>"; };
		E0F1DA151E07721900B162CA /* SpringApplication.m */ = {isa = PBXFileReference; fileEncoding = 4; lastKnownFileType = sourcecode.c.objc; path = SpringApplication.m; sourceTree = "<group>"; };
		E0F1DA171E0772E400B162CA /* SpringProtocolMapper.h */ = {isa = PBXFileReference; fileEncoding = 4; lastKnownFileType = sourcecode.c.h; path = SpringProtocolMapper.h; sourceTree = "<group>"; };
		E0F1DA181E0772E400B162CA /* SpringProtocolMapper.m */ = {isa = PBXFileReference; fileEncoding = 4; lastKnownFileType = sourcecode.c.objc; path = SpringProtocolMapper.m; sourceTree = "<group>"; };
		E0F1DA211E0774DF00B162CA /* DockController.swift */ = {isa = PBXFileReference; fileEncoding = 4; lastKnownFileType = sourcecode.swift; path = DockController.swift; sourceTree = "<group>"; };
		E0F1DA221E0774DF00B162CA /* DockController.xib */ = {isa = PBXFileReference; fileEncoding = 4; lastKnownFileType = file.xib; path = DockController.xib; sourceTree = "<group>"; };
		E0F1DA251E0774F400B162CA /* DockControllerProtocol.swift */ = {isa = PBXFileReference; fileEncoding = 4; lastKnownFileType = sourcecode.swift; path = DockControllerProtocol.swift; sourceTree = "<group>"; };
		E0F1DA271E07939600B162CA /* SpringXMLBean.h */ = {isa = PBXFileReference; fileEncoding = 4; lastKnownFileType = sourcecode.c.h; path = SpringXMLBean.h; sourceTree = "<group>"; };
		E0F1DA281E07939600B162CA /* SpringXMLBean.m */ = {isa = PBXFileReference; fileEncoding = 4; lastKnownFileType = sourcecode.c.objc; path = SpringXMLBean.m; sourceTree = "<group>"; };
		E0F1DA301E07A71900B162CA /* SettingController.swift */ = {isa = PBXFileReference; fileEncoding = 4; lastKnownFileType = sourcecode.swift; path = SettingController.swift; sourceTree = "<group>"; };
		E0F1DA311E07A71900B162CA /* SettingController.xib */ = {isa = PBXFileReference; fileEncoding = 4; lastKnownFileType = file.xib; path = SettingController.xib; sourceTree = "<group>"; };
		E0F1DA341E07A72A00B162CA /* SettingControllerProtocol.swift */ = {isa = PBXFileReference; fileEncoding = 4; lastKnownFileType = sourcecode.swift; path = SettingControllerProtocol.swift; sourceTree = "<group>"; };
		E0F1F37C1E07D16C004EEA70 /* ic_3.png */ = {isa = PBXFileReference; lastKnownFileType = image.png; path = ic_3.png; sourceTree = "<group>"; };
/* End PBXFileReference section */

/* Begin PBXFrameworksBuildPhase section */
		E0561C731DFEACA90064393F /* Frameworks */ = {
			isa = PBXFrameworksBuildPhase;
			buildActionMask = 2147483647;
			files = (
				F257A278BDF4B48E90AE21E0 /* Pods_SpringOC.framework in Frameworks */,
			);
			runOnlyForDeploymentPostprocessing = 0;
		};
/* End PBXFrameworksBuildPhase section */

/* Begin PBXGroup section */
		80BFB4F21C8B0B051A658289 /* Pods */ = {
			isa = PBXGroup;
			children = (
				A5C47C45F4AE4B9287C044B1 /* Pods-SpringOC.debug.xcconfig */,
				3464F116FD6CBE1DCC27124A /* Pods-SpringOC.release.xcconfig */,
			);
			name = Pods;
			sourceTree = "<group>";
		};
		E015DEE61E07D536002BCFEE /* Model */ = {
			isa = PBXGroup;
			children = (
				E015DEE71E07D541002BCFEE /* DockMenuBean.swift */,
				E015DEF91E07D9AA002BCFEE /* DockMenuManager.swift */,
			);
			path = Model;
			sourceTree = "<group>";
		};
		E0561C6D1DFEACA90064393F = {
			isa = PBXGroup;
			children = (
				E0561C781DFEACA90064393F /* SpringOC */,
				E0561C771DFEACA90064393F /* Products */,
				80BFB4F21C8B0B051A658289 /* Pods */,
				EB0926A2330BCC9ABB40D075 /* Frameworks */,
			);
			sourceTree = "<group>";
		};
		E0561C771DFEACA90064393F /* Products */ = {
			isa = PBXGroup;
			children = (
				E0561C761DFEACA90064393F /* SpringOC.app */,
			);
			name = Products;
			sourceTree = "<group>";
		};
		E0561C781DFEACA90064393F /* SpringOC */ = {
			isa = PBXGroup;
			children = (
				E0ADB6591E02924500E03B85 /* Resource */,
				E0ADB6441E02645900E03B85 /* Module */,
				E0561C901DFEAD010064393F /* MyLib */,
				E0561C791DFEACA90064393F /* AppDelegate.swift */,
				E0561C7B1DFEACA90064393F /* ViewController.swift */,
				E0561C7D1DFEACA90064393F /* Main.storyboard */,
				E0561C801DFEACA90064393F /* Assets.xcassets */,
				E0561C821DFEACA90064393F /* LaunchScreen.storyboard */,
				E0561C851DFEACA90064393F /* Info.plist */,
				E0561C8C1DFEACE60064393F /* SpringOC-Bridging-Header.h */,
				E0ADB6311E0241A000E03B85 /* spring.xml */,
			);
			path = SpringOC;
			sourceTree = "<group>";
		};
		E0561C901DFEAD010064393F /* MyLib */ = {
			isa = PBXGroup;
			children = (
				E07C0FE71E0BB747007AD4CF /* SpringView */,
				E0ADB6531E0265B600E03B85 /* UIExtension */,
				E0ADB6271E023D7C00E03B85 /* SpringLib */,
				E0ADB61A1E023B5800E03B85 /* SpringApplication */,
				E0561C911DFEAD010064393F /* SpringBinder */,
				E0561C951DFEAD2A0064393F /* SpringLib.h */,
			);
			path = MyLib;
			sourceTree = "<group>";
		};
		E0561C911DFEAD010064393F /* SpringBinder */ = {
			isa = PBXGroup;
			children = (
				E01F3A5B1DFF87C8005C7DD5 /* UIView+SpringBind.h */,
				E01F3A5C1DFF87C8005C7DD5 /* UIView+SpringBind.m */,
				E06F98441E0005FA002FFF55 /* UILabel+SpringBind.h */,
				E06F98451E0005FA002FFF55 /* UILabel+SpringBind.m */,
				E05846471E00F51B00B849D1 /* UITextField+SpringBind.h */,
				E05846481E00F51B00B849D1 /* UITextField+SpringBind.m */,
				E058464A1E0143CF00B849D1 /* UIButton+SpringBind.h */,
				E058464B1E0143CF00B849D1 /* UIButton+SpringBind.m */,
				E01F3A581DFF8534005C7DD5 /* SpringBinder.h */,
				E01F3A591DFF8534005C7DD5 /* SpringBinder.m */,
				E01F3A5E1DFF973F005C7DD5 /* NSObject+SpringBinder.h */,
				E01F3A5F1DFF973F005C7DD5 /* NSObject+SpringBinder.m */,
			);
			path = SpringBinder;
			sourceTree = "<group>";
		};
		E07C0FE71E0BB747007AD4CF /* SpringView */ = {
			isa = PBXGroup;
			children = (
				E07C0FF01E0BBE19007AD4CF /* SpringLayoutViewBean.h */,
				E07C0FF11E0BBE19007AD4CF /* SpringLayoutViewBean.m */,
				E0ACF8471E0BE31400372735 /* SpringLayoutOffsetValue.h */,
				E0ACF8481E0BE31400372735 /* SpringLayoutOffsetValue.m */,
				E05DF1301E0CBE280097DF1D /* SpringLayoutViewBuilder.h */,
				E05DF1311E0CBE280097DF1D /* SpringLayoutViewBuilder.m */,
				E0ACF8441E0BDCBB00372735 /* UIColor+SpringEx.h */,
				E0ACF8451E0BDCBB00372735 /* UIColor+SpringEx.m */,
				E05DF1331E0CBEC30097DF1D /* UIViewController+SpringLayoutBind.h */,
				E05DF1341E0CBEC30097DF1D /* UIViewController+SpringLayoutBind.m */,
			);
			path = SpringView;
			sourceTree = "<group>";
		};
		E07C0FE81E0BB75F007AD4CF /* SpringView */ = {
			isa = PBXGroup;
			children = (
				E07C0FE91E0BB771007AD4CF /* SpringViewController.swift */,
				E07C0FEE1E0BBA63007AD4CF /* SpringViewController.xml */,
			);
			path = SpringView;
			sourceTree = "<group>";
		};
		E0ADB61A1E023B5800E03B85 /* SpringApplication */ = {
			isa = PBXGroup;
			children = (
				E0F1DA141E07721900B162CA /* SpringApplication.h */,
				E0F1DA151E07721900B162CA /* SpringApplication.m */,
				E0F1DA171E0772E400B162CA /* SpringProtocolMapper.h */,
				E0F1DA181E0772E400B162CA /* SpringProtocolMapper.m */,
				E0F1DA271E07939600B162CA /* SpringXMLBean.h */,
				E0F1DA281E07939600B162CA /* SpringXMLBean.m */,
			);
			path = SpringApplication;
			sourceTree = "<group>";
		};
		E0ADB6271E023D7C00E03B85 /* SpringLib */ = {
			isa = PBXGroup;
			children = (
				E0ADB6391E02486E00E03B85 /* YYModel */,
				E0ADB62D1E02402900E03B85 /* SpringLogger */,
				E0ADB6281E023DAF00E03B85 /* SpringResourceReader */,
				E0ADB6291E023DAF00E03B85 /* SpringXML */,
			);
			path = SpringLib;
			sourceTree = "<group>";
		};
		E0ADB6281E023DAF00E03B85 /* SpringResourceReader */ = {
			isa = PBXGroup;
			children = (
				E0ADB62A1E023DCA00E03B85 /* SpringResourceReader.h */,
				E0ADB62B1E023DCA00E03B85 /* SpringResourceReader.m */,
			);
			path = SpringResourceReader;
			sourceTree = "<group>";
		};
		E0ADB6291E023DAF00E03B85 /* SpringXML */ = {
			isa = PBXGroup;
			children = (
				E0ADB6361E02454100E03B85 /* XMLDictionary.h */,
				E0ADB6371E02454100E03B85 /* XMLDictionary.m */,
			);
			path = SpringXML;
			sourceTree = "<group>";
		};
		E0ADB62D1E02402900E03B85 /* SpringLogger */ = {
			isa = PBXGroup;
			children = (
				E0ADB62E1E02403200E03B85 /* SpringLogger.h */,
				E0ADB62F1E02403200E03B85 /* SpringLogger.m */,
			);
			path = SpringLogger;
			sourceTree = "<group>";
		};
		E0ADB6391E02486E00E03B85 /* YYModel */ = {
			isa = PBXGroup;
			children = (
				E0ADB63A1E02486E00E03B85 /* NSObject+YYModel.h */,
				E0ADB63B1E02486E00E03B85 /* NSObject+YYModel.m */,
				E0ADB63C1E02486E00E03B85 /* YYClassInfo.h */,
				E0ADB63D1E02486E00E03B85 /* YYClassInfo.m */,
				E0ADB63E1E02486E00E03B85 /* YYModel.h */,
			);
			path = YYModel;
			sourceTree = "<group>";
		};
		E0ADB6441E02645900E03B85 /* Module */ = {
			isa = PBXGroup;
			children = (
				E0ADB6451E02645900E03B85 /* ViewController */,
			);
			path = Module;
			sourceTree = "<group>";
		};
		E0ADB6451E02645900E03B85 /* ViewController */ = {
			isa = PBXGroup;
			children = (
				E07C0FE81E0BB75F007AD4CF /* SpringView */,
				E0F1DA2A1E07A6F400B162CA /* Setting */,
				E0F1DA1A1E07747000B162CA /* DockController */,
				E0ADB6461E0264A500E03B85 /* Model */,
				E0ADB6471E0264A500E03B85 /* View */,
				E0ADB64F1E0264FC00E03B85 /* HomeController.swift */,
				E0ADB6501E0264FC00E03B85 /* HomeController.xib */,
				E05DF12E1E0CB36C0097DF1D /* test.xib */,
			);
			path = ViewController;
			sourceTree = "<group>";
		};
		E0ADB6461E0264A500E03B85 /* Model */ = {
			isa = PBXGroup;
			children = (
			);
			path = Model;
			sourceTree = "<group>";
		};
		E0ADB6471E0264A500E03B85 /* View */ = {
			isa = PBXGroup;
			children = (
			);
			path = View;
			sourceTree = "<group>";
		};
		E0ADB6531E0265B600E03B85 /* UIExtension */ = {
			isa = PBXGroup;
			children = (
				E0ADB6561E02669900E03B85 /* UIViewController+SpringEx.h */,
				E0ADB6571E02669900E03B85 /* UIViewController+SpringEx.m */,
			);
			path = UIExtension;
			sourceTree = "<group>";
		};
		E0ADB6591E02924500E03B85 /* Resource */ = {
			isa = PBXGroup;
			children = (
				E0ADB65C1E0292FC00E03B85 /* ic_2.png */,
				E0ADB65A1E02924500E03B85 /* ic_1.png */,
				E0F1F37C1E07D16C004EEA70 /* ic_3.png */,
				E015DEEF1E07D8E6002BCFEE /* ic_4.png */,
				E015DEF01E07D8E6002BCFEE /* ic_5.png */,
				E015DEF11E07D8E6002BCFEE /* ic_6.png */,
				E015DEF21E07D8E6002BCFEE /* ic_7.png */,
				E015DEF31E07D8E6002BCFEE /* ic_8.png */,
			);
			path = Resource;
			sourceTree = "<group>";
		};
		E0F1DA1A1E07747000B162CA /* DockController */ = {
			isa = PBXGroup;
			children = (
				E015DEE61E07D536002BCFEE /* Model */,
				E0F1F37E1E07D33F004EEA70 /* View */,
				E0F1DA251E0774F400B162CA /* DockControllerProtocol.swift */,
				E0F1DA211E0774DF00B162CA /* DockController.swift */,
				E0F1DA221E0774DF00B162CA /* DockController.xib */,
			);
			path = DockController;
			sourceTree = "<group>";
		};
		E0F1DA2A1E07A6F400B162CA /* Setting */ = {
			isa = PBXGroup;
			children = (
				E0F1DA301E07A71900B162CA /* SettingController.swift */,
				E0F1DA311E07A71900B162CA /* SettingController.xib */,
				E0F1DA341E07A72A00B162CA /* SettingControllerProtocol.swift */,
			);
			path = Setting;
			sourceTree = "<group>";
		};
		E0F1F37E1E07D33F004EEA70 /* View */ = {
			isa = PBXGroup;
			children = (
				E015DEEB1E07D896002BCFEE /* DockMenuCell.swift */,
				E015DEEC1E07D896002BCFEE /* DockMenuCell.xib */,
				E015DEFB1E07DFFE002BCFEE /* TestCell.swift */,
				E015DEFC1E07DFFE002BCFEE /* TestCell.xib */,
			);
			path = View;
			sourceTree = "<group>";
		};
		EB0926A2330BCC9ABB40D075 /* Frameworks */ = {
			isa = PBXGroup;
			children = (
				9C79807D950EE6963F8A55D3 /* Pods_SpringOC.framework */,
			);
			name = Frameworks;
			sourceTree = "<group>";
		};
/* End PBXGroup section */

/* Begin PBXNativeTarget section */
		E0561C751DFEACA90064393F /* SpringOC */ = {
			isa = PBXNativeTarget;
			buildConfigurationList = E0561C881DFEACA90064393F /* Build configuration list for PBXNativeTarget "SpringOC" */;
			buildPhases = (
				1A2E5C209AB1D9E1FBE64078 /* [CP] Check Pods Manifest.lock */,
				E0561C721DFEACA90064393F /* Sources */,
				E0561C731DFEACA90064393F /* Frameworks */,
				E0561C741DFEACA90064393F /* Resources */,
				71F85D21E7EFDEF4E0420332 /* [CP] Embed Pods Frameworks */,
				F0AB1912D199E5247822ECA0 /* [CP] Copy Pods Resources */,
			);
			buildRules = (
			);
			dependencies = (
			);
			name = SpringOC;
			productName = SpringOC;
			productReference = E0561C761DFEACA90064393F /* SpringOC.app */;
			productType = "com.apple.product-type.application";
		};
/* End PBXNativeTarget section */

/* Begin PBXProject section */
		E0561C6E1DFEACA90064393F /* Project object */ = {
			isa = PBXProject;
			attributes = {
				LastSwiftUpdateCheck = 0810;
				LastUpgradeCheck = 0810;
				ORGANIZATIONNAME = letian;
				TargetAttributes = {
					E0561C751DFEACA90064393F = {
						CreatedOnToolsVersion = 8.1;
						DevelopmentTeam = 23QK7M8G52;
						LastSwiftMigration = 0810;
						ProvisioningStyle = Automatic;
					};
				};
			};
			buildConfigurationList = E0561C711DFEACA90064393F /* Build configuration list for PBXProject "SpringOC" */;
			compatibilityVersion = "Xcode 3.2";
			developmentRegion = English;
			hasScannedForEncodings = 0;
			knownRegions = (
				en,
				Base,
			);
			mainGroup = E0561C6D1DFEACA90064393F;
			productRefGroup = E0561C771DFEACA90064393F /* Products */;
			projectDirPath = "";
			projectRoot = "";
			targets = (
				E0561C751DFEACA90064393F /* SpringOC */,
			);
		};
/* End PBXProject section */

/* Begin PBXResourcesBuildPhase section */
		E0561C741DFEACA90064393F /* Resources */ = {
			isa = PBXResourcesBuildPhase;
			buildActionMask = 2147483647;
			files = (
				E0F1DA241E0774DF00B162CA /* DockController.xib in Resources */,
				E07C0FEF1E0BBA63007AD4CF /* SpringViewController.xml in Resources */,
				E0F1F37D1E07D16C004EEA70 /* ic_3.png in Resources */,
				E015DEF41E07D8E6002BCFEE /* ic_4.png in Resources */,
				E015DEEE1E07D896002BCFEE /* DockMenuCell.xib in Resources */,
				E0ADB6321E0241A000E03B85 /* spring.xml in Resources */,
				E0ADB65D1E0292FC00E03B85 /* ic_2.png in Resources */,
				E0561C841DFEACA90064393F /* LaunchScreen.storyboard in Resources */,
				E015DEF51E07D8E6002BCFEE /* ic_5.png in Resources */,
				E0561C811DFEACA90064393F /* Assets.xcassets in Resources */,
				E0ADB6521E0264FC00E03B85 /* HomeController.xib in Resources */,
				E015DEF61E07D8E6002BCFEE /* ic_6.png in Resources */,
				E015DEF71E07D8E6002BCFEE /* ic_7.png in Resources */,
				E0561C7F1DFEACA90064393F /* Main.storyboard in Resources */,
				E05DF12F1E0CB36C0097DF1D /* test.xib in Resources */,
				E0F1DA331E07A71900B162CA /* SettingController.xib in Resources */,
				E015DEF81E07D8E6002BCFEE /* ic_8.png in Resources */,
				E015DEFE1E07DFFE002BCFEE /* TestCell.xib in Resources */,
				E0ADB65B1E02924500E03B85 /* ic_1.png in Resources */,
			);
			runOnlyForDeploymentPostprocessing = 0;
		};
/* End PBXResourcesBuildPhase section */

/* Begin PBXShellScriptBuildPhase section */
		1A2E5C209AB1D9E1FBE64078 /* [CP] Check Pods Manifest.lock */ = {
			isa = PBXShellScriptBuildPhase;
			buildActionMask = 2147483647;
			files = (
			);
			inputPaths = (
			);
			name = "[CP] Check Pods Manifest.lock";
			outputPaths = (
			);
			runOnlyForDeploymentPostprocessing = 0;
			shellPath = /bin/sh;
			shellScript = "diff \"${PODS_ROOT}/../Podfile.lock\" \"${PODS_ROOT}/Manifest.lock\" > /dev/null\nif [ $? != 0 ] ; then\n    # print error to STDERR\n    echo \"error: The sandbox is not in sync with the Podfile.lock. Run 'pod install' or update your CocoaPods installation.\" >&2\n    exit 1\nfi\n";
			showEnvVarsInLog = 0;
		};
		71F85D21E7EFDEF4E0420332 /* [CP] Embed Pods Frameworks */ = {
			isa = PBXShellScriptBuildPhase;
			buildActionMask = 2147483647;
			files = (
			);
			inputPaths = (
			);
			name = "[CP] Embed Pods Frameworks";
			outputPaths = (
			);
			runOnlyForDeploymentPostprocessing = 0;
			shellPath = /bin/sh;
			shellScript = "\"${SRCROOT}/Pods/Target Support Files/Pods-SpringOC/Pods-SpringOC-frameworks.sh\"\n";
			showEnvVarsInLog = 0;
		};
		F0AB1912D199E5247822ECA0 /* [CP] Copy Pods Resources */ = {
			isa = PBXShellScriptBuildPhase;
			buildActionMask = 2147483647;
			files = (
			);
			inputPaths = (
			);
			name = "[CP] Copy Pods Resources";
			outputPaths = (
			);
			runOnlyForDeploymentPostprocessing = 0;
			shellPath = /bin/sh;
			shellScript = "\"${SRCROOT}/Pods/Target Support Files/Pods-SpringOC/Pods-SpringOC-resources.sh\"\n";
			showEnvVarsInLog = 0;
		};
/* End PBXShellScriptBuildPhase section */

/* Begin PBXSourcesBuildPhase section */
		E0561C721DFEACA90064393F /* Sources */ = {
			isa = PBXSourcesBuildPhase;
			buildActionMask = 2147483647;
			files = (
				E01F3A5D1DFF87C8005C7DD5 /* UIView+SpringBind.m in Sources */,
				E0ACF8461E0BDCBC00372735 /* UIColor+SpringEx.m in Sources */,
				E015DEE81E07D541002BCFEE /* DockMenuBean.swift in Sources */,
				E07C0FF21E0BBE19007AD4CF /* SpringLayoutViewBean.m in Sources */,
				E0F1DA261E0774F400B162CA /* DockControllerProtocol.swift in Sources */,
				E015DEED1E07D896002BCFEE /* DockMenuCell.swift in Sources */,
				E0ADB6381E02454100E03B85 /* XMLDictionary.m in Sources */,
				E05DF1321E0CBE280097DF1D /* SpringLayoutViewBuilder.m in Sources */,
				E0561C7C1DFEACA90064393F /* ViewController.swift in Sources */,
				E0ADB63F1E02486E00E03B85 /* NSObject+YYModel.m in Sources */,
				E01F3A5A1DFF8534005C7DD5 /* SpringBinder.m in Sources */,
				E015DEFA1E07D9AA002BCFEE /* DockMenuManager.swift in Sources */,
				E0F1DA321E07A71900B162CA /* SettingController.swift in Sources */,
				E0F1DA161E07721900B162CA /* SpringApplication.m in Sources */,
				E0ADB62C1E023DCA00E03B85 /* SpringResourceReader.m in Sources */,
				E0ACF8491E0BE31400372735 /* SpringLayoutOffsetValue.m in Sources */,
				E0F1DA291E07939600B162CA /* SpringXMLBean.m in Sources */,
				E05846491E00F51B00B849D1 /* UITextField+SpringBind.m in Sources */,
				E07C0FEA1E0BB771007AD4CF /* SpringViewController.swift in Sources */,
				E0ADB6301E02403200E03B85 /* SpringLogger.m in Sources */,
				E05DF1351E0CBEC30097DF1D /* UIViewController+SpringLayoutBind.m in Sources */,
				E015DEFD1E07DFFE002BCFEE /* TestCell.swift in Sources */,
				E0F1DA351E07A72A00B162CA /* SettingControllerProtocol.swift in Sources */,
				E01F3A601DFF973F005C7DD5 /* NSObject+SpringBinder.m in Sources */,
				E058464C1E0143CF00B849D1 /* UIButton+SpringBind.m in Sources */,
				E0F1DA191E0772E400B162CA /* SpringProtocolMapper.m in Sources */,
				E06F98461E0005FA002FFF55 /* UILabel+SpringBind.m in Sources */,
				E0ADB6511E0264FC00E03B85 /* HomeController.swift in Sources */,
				E0F1DA231E0774DF00B162CA /* DockController.swift in Sources */,
				E0561C7A1DFEACA90064393F /* AppDelegate.swift in Sources */,
				E0ADB6581E02669900E03B85 /* UIViewController+SpringEx.m in Sources */,
				E0ADB6401E02486E00E03B85 /* YYClassInfo.m in Sources */,
			);
			runOnlyForDeploymentPostprocessing = 0;
		};
/* End PBXSourcesBuildPhase section */

/* Begin PBXVariantGroup section */
		E0561C7D1DFEACA90064393F /* Main.storyboard */ = {
			isa = PBXVariantGroup;
			children = (
				E0561C7E1DFEACA90064393F /* Base */,
			);
			name = Main.storyboard;
			sourceTree = "<group>";
		};
		E0561C821DFEACA90064393F /* LaunchScreen.storyboard */ = {
			isa = PBXVariantGroup;
			children = (
				E0561C831DFEACA90064393F /* Base */,
			);
			name = LaunchScreen.storyboard;
			sourceTree = "<group>";
		};
/* End PBXVariantGroup section */

/* Begin XCBuildConfiguration section */
		E0561C861DFEACA90064393F /* Debug */ = {
			isa = XCBuildConfiguration;
			buildSettings = {
				ALWAYS_SEARCH_USER_PATHS = NO;
				CLANG_ANALYZER_NONNULL = YES;
				CLANG_CXX_LANGUAGE_STANDARD = "gnu++0x";
				CLANG_CXX_LIBRARY = "libc++";
				CLANG_ENABLE_MODULES = YES;
				CLANG_ENABLE_OBJC_ARC = YES;
				CLANG_WARN_BOOL_CONVERSION = YES;
				CLANG_WARN_CONSTANT_CONVERSION = YES;
				CLANG_WARN_DIRECT_OBJC_ISA_USAGE = YES_ERROR;
				CLANG_WARN_DOCUMENTATION_COMMENTS = YES;
				CLANG_WARN_EMPTY_BODY = YES;
				CLANG_WARN_ENUM_CONVERSION = YES;
				CLANG_WARN_INFINITE_RECURSION = YES;
				CLANG_WARN_INT_CONVERSION = YES;
				CLANG_WARN_OBJC_ROOT_CLASS = YES_ERROR;
				CLANG_WARN_SUSPICIOUS_MOVES = YES;
				CLANG_WARN_UNREACHABLE_CODE = YES;
				CLANG_WARN__DUPLICATE_METHOD_MATCH = YES;
				"CODE_SIGN_IDENTITY[sdk=iphoneos*]" = "iPhone Developer";
				COPY_PHASE_STRIP = NO;
				DEBUG_INFORMATION_FORMAT = dwarf;
				ENABLE_STRICT_OBJC_MSGSEND = YES;
				ENABLE_TESTABILITY = YES;
				GCC_C_LANGUAGE_STANDARD = gnu99;
				GCC_DYNAMIC_NO_PIC = NO;
				GCC_NO_COMMON_BLOCKS = YES;
				GCC_OPTIMIZATION_LEVEL = 0;
				GCC_PREPROCESSOR_DEFINITIONS = (
					"DEBUG=1",
					"$(inherited)",
				);
				GCC_WARN_64_TO_32_BIT_CONVERSION = YES;
				GCC_WARN_ABOUT_RETURN_TYPE = YES_ERROR;
				GCC_WARN_UNDECLARED_SELECTOR = YES;
				GCC_WARN_UNINITIALIZED_AUTOS = YES_AGGRESSIVE;
				GCC_WARN_UNUSED_FUNCTION = YES;
				GCC_WARN_UNUSED_VARIABLE = YES;
				IPHONEOS_DEPLOYMENT_TARGET = 10.1;
				MTL_ENABLE_DEBUG_INFO = YES;
				ONLY_ACTIVE_ARCH = YES;
				SDKROOT = iphoneos;
				SWIFT_ACTIVE_COMPILATION_CONDITIONS = DEBUG;
				SWIFT_OPTIMIZATION_LEVEL = "-Onone";
				TARGETED_DEVICE_FAMILY = "1,2";
			};
			name = Debug;
		};
		E0561C871DFEACA90064393F /* Release */ = {
			isa = XCBuildConfiguration;
			buildSettings = {
				ALWAYS_SEARCH_USER_PATHS = NO;
				CLANG_ANALYZER_NONNULL = YES;
				CLANG_CXX_LANGUAGE_STANDARD = "gnu++0x";
				CLANG_CXX_LIBRARY = "libc++";
				CLANG_ENABLE_MODULES = YES;
				CLANG_ENABLE_OBJC_ARC = YES;
				CLANG_WARN_BOOL_CONVERSION = YES;
				CLANG_WARN_CONSTANT_CONVERSION = YES;
				CLANG_WARN_DIRECT_OBJC_ISA_USAGE = YES_ERROR;
				CLANG_WARN_DOCUMENTATION_COMMENTS = YES;
				CLANG_WARN_EMPTY_BODY = YES;
				CLANG_WARN_ENUM_CONVERSION = YES;
				CLANG_WARN_INFINITE_RECURSION = YES;
				CLANG_WARN_INT_CONVERSION = YES;
				CLANG_WARN_OBJC_ROOT_CLASS = YES_ERROR;
				CLANG_WARN_SUSPICIOUS_MOVES = YES;
				CLANG_WARN_UNREACHABLE_CODE = YES;
				CLANG_WARN__DUPLICATE_METHOD_MATCH = YES;
				"CODE_SIGN_IDENTITY[sdk=iphoneos*]" = "iPhone Developer";
				COPY_PHASE_STRIP = NO;
				DEBUG_INFORMATION_FORMAT = "dwarf-with-dsym";
				ENABLE_NS_ASSERTIONS = NO;
				ENABLE_STRICT_OBJC_MSGSEND = YES;
				GCC_C_LANGUAGE_STANDARD = gnu99;
				GCC_NO_COMMON_BLOCKS = YES;
				GCC_WARN_64_TO_32_BIT_CONVERSION = YES;
				GCC_WARN_ABOUT_RETURN_TYPE = YES_ERROR;
				GCC_WARN_UNDECLARED_SELECTOR = YES;
				GCC_WARN_UNINITIALIZED_AUTOS = YES_AGGRESSIVE;
				GCC_WARN_UNUSED_FUNCTION = YES;
				GCC_WARN_UNUSED_VARIABLE = YES;
				IPHONEOS_DEPLOYMENT_TARGET = 10.1;
				MTL_ENABLE_DEBUG_INFO = NO;
				SDKROOT = iphoneos;
				SWIFT_OPTIMIZATION_LEVEL = "-Owholemodule";
				TARGETED_DEVICE_FAMILY = "1,2";
				VALIDATE_PRODUCT = YES;
			};
			name = Release;
		};
		E0561C891DFEACA90064393F /* Debug */ = {
			isa = XCBuildConfiguration;
			baseConfigurationReference = A5C47C45F4AE4B9287C044B1 /* Pods-SpringOC.debug.xcconfig */;
			buildSettings = {
				ASSETCATALOG_COMPILER_APPICON_NAME = AppIcon;
				CLANG_ENABLE_MODULES = YES;
				DEVELOPMENT_TEAM = 23QK7M8G52;
				INFOPLIST_FILE = SpringOC/Info.plist;
				IPHONEOS_DEPLOYMENT_TARGET = 8.0;
				LD_RUNPATH_SEARCH_PATHS = "$(inherited) @executable_path/Frameworks";
				PRODUCT_BUNDLE_IDENTIFIER = com.1tutor.SpringOC;
				PRODUCT_NAME = "$(TARGET_NAME)";
				SWIFT_OBJC_BRIDGING_HEADER = "SpringOC/SpringOC-Bridging-Header.h";
				SWIFT_OPTIMIZATION_LEVEL = "-Onone";
				SWIFT_VERSION = 3.0;
			};
			name = Debug;
		};
		E0561C8A1DFEACA90064393F /* Release */ = {
			isa = XCBuildConfiguration;
			baseConfigurationReference = 3464F116FD6CBE1DCC27124A /* Pods-SpringOC.release.xcconfig */;
			buildSettings = {
				ASSETCATALOG_COMPILER_APPICON_NAME = AppIcon;
				CLANG_ENABLE_MODULES = YES;
				DEVELOPMENT_TEAM = 23QK7M8G52;
				INFOPLIST_FILE = SpringOC/Info.plist;
				IPHONEOS_DEPLOYMENT_TARGET = 8.0;
				LD_RUNPATH_SEARCH_PATHS = "$(inherited) @executable_path/Frameworks";
				PRODUCT_BUNDLE_IDENTIFIER = com.1tutor.SpringOC;
				PRODUCT_NAME = "$(TARGET_NAME)";
				SWIFT_OBJC_BRIDGING_HEADER = "SpringOC/SpringOC-Bridging-Header.h";
				SWIFT_VERSION = 3.0;
			};
			name = Release;
		};
/* End XCBuildConfiguration section */

/* Begin XCConfigurationList section */
		E0561C711DFEACA90064393F /* Build configuration list for PBXProject "SpringOC" */ = {
			isa = XCConfigurationList;
			buildConfigurations = (
				E0561C861DFEACA90064393F /* Debug */,
				E0561C871DFEACA90064393F /* Release */,
			);
			defaultConfigurationIsVisible = 0;
			defaultConfigurationName = Release;
		};
		E0561C881DFEACA90064393F /* Build configuration list for PBXNativeTarget "SpringOC" */ = {
			isa = XCConfigurationList;
			buildConfigurations = (
				E0561C891DFEACA90064393F /* Debug */,
				E0561C8A1DFEACA90064393F /* Release */,
			);
			defaultConfigurationIsVisible = 0;
			defaultConfigurationName = Release;
		};
/* End XCConfigurationList section */
	};
	rootObject = E0561C6E1DFEACA90064393F /* Project object */;
}
